Microsoft Visual Studio Solution File, Format Version 12.00
# Visual Studio 2012
Project("{FAE04EC0-301F-11D3-BF4B-00C04F79EFBC}") = "STL", "STL\STL.csproj", "{F32F3151-1595-4211-A01E-2F7BEB34F88D}"
EndProject
Project("{FAE04EC0-301F-11D3-BF4B-00C04F79EFBC}") = "Test", "Test\Test.csproj", "{F8604512-723C-493E-BFD3-ECA49558CA72}"
EndProject
Global
	GlobalSection(SolutionConfigurationPlatforms) = preSolution
		Debug-Web|Any CPU = Debug-Web|Any CPU
		Debug-Web|x64 = Debug-Web|x64
		Debug-Web|x86 = Debug-Web|x86
		Debug|Any CPU = Debug|Any CPU
		Debug|x64 = Debug|x64
		Debug|x86 = Debug|x86
		Release-x64|Any CPU = Release-x64|Any CPU
		Release-x64|x64 = Release-x64|x64
		Release-x64|x86 = Release-x64|x86
		Release-x86|Any CPU = Release-x86|Any CPU
		Release-x86|x64 = Release-x86|x64
		Release-x86|x86 = Release-x86|x86
		Release|Any CPU = Release|Any CPU
		Release|x64 = Release|x64
		Release|x86 = Release|x86
	EndGlobalSection
	GlobalSection(ProjectConfigurationPlatforms) = postSolution
		{F32F3151-1595-4211-A01E-2F7BEB34F88D}.Debug-Web|Any CPU.ActiveCfg = Debug|Any CPU
		{F32F3151-1595-4211-A01E-2F7BEB34F88D}.Debug-Web|Any CPU.Build.0 = Debug|Any CPU
		{F32F3151-1595-4211-A01E-2F7BEB34F88D}.Debug-Web|x64.ActiveCfg = Debug|Any CPU
		{F32F3151-1595-4211-A01E-2F7BEB34F88D}.Debug-Web|x86.ActiveCfg = Debug|Any CPU
		{F32F3151-1595-4211-A01E-2F7BEB34F88D}.Debug|Any CPU.ActiveCfg = Debug|Any CPU
		{F32F3151-1595-4211-A01E-2F7BEB34F88D}.Debug|Any CPU.Build.0 = Debug|Any CPU
		{F32F3151-1595-4211-A01E-2F7BEB34F88D}.Debug|x64.ActiveCfg = Debug|Any CPU
		{F32F3151-1595-4211-A01E-2F7BEB34F88D}.Debug|x86.ActiveCfg = Debug|Any CPU
		{F32F3151-1595-4211-A01E-2F7BEB34F88D}.Release-x64|Any CPU.ActiveCfg = Release|Any CPU
		{F32F3151-1595-4211-A01E-2F7BEB34F88D}.Release-x64|Any CPU.Build.0 = Release|Any CPU
		{F32F3151-1595-4211-A01E-2F7BEB34F88D}.Release-x64|x64.ActiveCfg = Release|Any CPU
		{F32F3151-1595-4211-A01E-2F7BEB34F88D}.Release-x64|x86.ActiveCfg = Release|Any CPU
		{F32F3151-1595-4211-A01E-2F7BEB34F88D}.Release-x86|Any CPU.ActiveCfg = Release|Any CPU
		{F32F3151-1595-4211-A01E-2F7BEB34F88D}.Release-x86|Any CPU.Build.0 = Release|Any CPU
		{F32F3151-1595-4211-A01E-2F7BEB34F88D}.Release-x86|x64.ActiveCfg = Release|Any CPU
		{F32F3151-1595-4211-A01E-2F7BEB34F88D}.Release-x86|x86.ActiveCfg = Release|Any CPU
		{F32F3151-1595-4211-A01E-2F7BEB34F88D}.Release|Any CPU.ActiveCfg = Release|Any CPU
		{F32F3151-1595-4211-A01E-2F7BEB34F88D}.Release|Any CPU.Build.0 = Release|Any CPU
		{F32F3151-1595-4211-A01E-2F7BEB34F88D}.Release|x64.ActiveCfg = Release|Any CPU
		{F32F3151-1595-4211-A01E-2F7BEB34F88D}.Release|x86.ActiveCfg = Release|Any CPU
		{F8604512-723C-493E-BFD3-ECA49558CA72}.Debug-Web|Any CPU.ActiveCfg = Debug|Any CPU
		{F8604512-723C-493E-BFD3-ECA49558CA72}.Debug-Web|Any CPU.Build.0 = Debug|Any CPU
		{F8604512-723C-493E-BFD3-ECA49558CA72}.Debug-Web|x64.ActiveCfg = Debug|Any CPU
		{F8604512-723C-493E-BFD3-ECA49558CA72}.Debug-Web|x86.ActiveCfg = Debug|Any CPU
		{F8604512-723C-493E-BFD3-ECA49558CA72}.Debug|Any CPU.ActiveCfg = Debug|Any CPU
		{F8604512-723C-493E-BFD3-ECA49558CA72}.Debug|Any CPU.Build.0 = Debug|Any CPU
		{F8604512-723C-493E-BFD3-ECA49558CA72}.Debug|x64.ActiveCfg = Debug|Any CPU
		{F8604512-723C-493E-BFD3-ECA49558CA72}.Debug|x86.ActiveCfg = Debug|Any CPU
		{F8604512-723C-493E-BFD3-ECA49558CA72}.Release-x64|Any CPU.ActiveCfg = Release|Any CPU
		{F8604512-723C-493E-BFD3-ECA49558CA72}.Release-x64|Any CPU.Build.0 = Release|Any CPU
		{F8604512-723C-493E-BFD3-ECA49558CA72}.Release-x64|x64.ActiveCfg = Release|Any CPU
		{F8604512-723C-493E-BFD3-ECA49558CA72}.Release-x64|x86.ActiveCfg = Release|Any CPU
		{F8604512-723C-493E-BFD3-ECA49558CA72}.Release-x86|Any CPU.ActiveCfg = Release|Any CPU
		{F8604512-723C-493E-BFD3-ECA49558CA72}.Release-x86|Any CPU.Build.0 = Release|Any CPU
		{F8604512-723C-493E-BFD3-ECA49558CA72}.Release-x86|x64.ActiveCfg = Release|Any CPU
		{F8604512-723C-493E-BFD3-ECA49558CA72}.Release-x86|x86.ActiveCfg = Release|Any CPU
		{F8604512-723C-493E-BFD3-ECA49558CA72}.Release|Any CPU.ActiveCfg = Release|Any CPU
		{F8604512-723C-493E-BFD3-ECA49558CA72}.Release|Any CPU.Build.0 = Release|Any CPU
		{F8604512-723C-493E-BFD3-ECA49558CA72}.Release|x64.ActiveCfg = Release|Any CPU
		{F8604512-723C-493E-BFD3-ECA49558CA72}.Release|x86.ActiveCfg = Release|Any CPU
	EndGlobalSection
	GlobalSection(SolutionProperties) = preSolution
		HideSolutionNode = FALSE
	EndGlobalSection
EndGlobal
